Microsoft Visual Studio Solution File, Format Version 12.00
Project("{FAE04EC0-301F-11D3-BF4B-00C04F79EFBC}") = "TLO", "TLO\TLO.csproj", "{636EBECD-92E1-45FD-87A1-129E110C72AA}"
EndProject
Global
	GlobalSection(SolutionConfigurationPlatforms) = preSolution
		Debug|Any CPU = Debug|Any CPU
		Release|Any CPU = Release|Any CPU
	EndGlobalSection
	GlobalSection(ProjectConfigurationPlatforms) = postSolution
		{636EBECD-92E1-45FD-87A1-129E110C72AA}.Debug|Any CPU.ActiveCfg = Debug|Any CPU
		{636EBECD-92E1-45FD-87A1-129E110C72AA}.Debug|Any CPU.Build.0 = Debug|Any CPU
		{636EBECD-92E1-45FD-87A1-129E110C72AA}.Release|Any CPU.ActiveCfg = Release|Any CPU
		{636EBECD-92E1-45FD-87A1-129E110C72AA}.Release|Any CPU.Build.0 = Release|Any CPU
	EndGlobalSection
EndGlobal
